
Microsoft Visual Studio Solution File, Format Version 12.00
# Visual Studio 15
VisualStudioVersion = 15.0.27428.2002
MinimumVisualStudioVersion = 10.0.40219.1
Project("{FAE04EC0-301F-11D3-BF4B-00C04F79EFBC}") = "BaseInheritance", "BaseInheritance\BaseInheritance.csproj", "{60D2243E-074F-4C97-A79D-C870F3F4029C}"
EndProject
Global
	GlobalSection(SolutionConfigurationPlatforms) = preSolution
		Debug|Any CPU = Debug|Any CPU
		Release|Any CPU = Release|Any CPU
	EndGlobalSection
	GlobalSection(ProjectConfigurationPlatforms) = postSolution
		{60D2243E-074F-4C97-A79D-C870F3F4029C}.Debug|Any CPU.ActiveCfg = Debug|Any CPU
		{60D2243E-074F-4C97-A79D-C870F3F4029C}.Debug|Any CPU.Build.0 = Debug|Any CPU
		{60D2243E-074F-4C97-A79D-C870F3F4029C}.Release|Any CPU.ActiveCfg = Release|Any CPU
		{60D2243E-074F-4C97-A79D-C870F3F4029C}.Release|Any CPU.Build.0 = Release|Any CPU
	EndGlobalSection
	GlobalSection(SolutionProperties) = preSolution
		HideSolutionNode = FALSE
	EndGlobalSection
	GlobalSection(ExtensibilityGlobals) = postSolution
		SolutionGuid = {22951F1F-CFDB-423C-9443-8A05F36F57B7}
	EndGlobalSection
EndGlobal
