
Microsoft Visual Studio Solution File, Format Version 12.00
# Visual Studio 15
VisualStudioVersion = 15.0.27428.2002
MinimumVisualStudioVersion = 10.0.40219.1
Project("{FAE04EC0-301F-11D3-BF4B-00C04F79EFBC}") = "ReferenceTypeMethods", "ReferenceTypeMethods\ReferenceTypeMethods.csproj", "{72AEBCB7-D7FE-4606-884F-FB866A0C3337}"
EndProject
Global
	GlobalSection(SolutionConfigurationPlatforms) = preSolution
		Debug|Any CPU = Debug|Any CPU
		Release|Any CPU = Release|Any CPU
	EndGlobalSection
	GlobalSection(ProjectConfigurationPlatforms) = postSolution
		{72AEBCB7-D7FE-4606-884F-FB866A0C3337}.Debug|Any CPU.ActiveCfg = Debug|Any CPU
		{72AEBCB7-D7FE-4606-884F-FB866A0C3337}.Debug|Any CPU.Build.0 = Debug|Any CPU
		{72AEBCB7-D7FE-4606-884F-FB866A0C3337}.Release|Any CPU.ActiveCfg = Release|Any CPU
		{72AEBCB7-D7FE-4606-884F-FB866A0C3337}.Release|Any CPU.Build.0 = Release|Any CPU
	EndGlobalSection
	GlobalSection(SolutionProperties) = preSolution
		HideSolutionNode = FALSE
	EndGlobalSection
	GlobalSection(ExtensibilityGlobals) = postSolution
		SolutionGuid = {AEF1D74D-68EE-46A7-ACFB-6A40E483898E}
	EndGlobalSection
EndGlobal
